// !$*UTF8*$!
{
	archiveVersion = 1;
	classes = {
	};
	objectVersion = 50;
	objects = {

/* Begin PBXBuildFile section */
		03C2F94C24E560D2007C23A9 /* AppDelegate.swift in Sources */ = {isa = PBXBuildFile; fileRef = 03C2F94B24E560D2007C23A9 /* AppDelegate.swift */; };
		03C2F94E24E560D2007C23A9 /* SceneDelegate.swift in Sources */ = {isa = PBXBuildFile; fileRef = 03C2F94D24E560D2007C23A9 /* SceneDelegate.swift */; };
		03C2F95024E560D2007C23A9 /* Patrimony.swift in Sources */ = {isa = PBXBuildFile; fileRef = 03C2F94F24E560D2007C23A9 /* Patrimony.swift */; };
		03C2F95624E560D2007C23A9 /* Stocks_Help.xcdatamodeld in Sources */ = {isa = PBXBuildFile; fileRef = 03C2F95424E560D2007C23A9 /* Stocks_Help.xcdatamodeld */; };
		03C2F95824E560D3007C23A9 /* Assets.xcassets in Resources */ = {isa = PBXBuildFile; fileRef = 03C2F95724E560D3007C23A9 /* Assets.xcassets */; };
		03C2F95B24E560D3007C23A9 /* LaunchScreen.storyboard in Resources */ = {isa = PBXBuildFile; fileRef = 03C2F95924E560D3007C23A9 /* LaunchScreen.storyboard */; };
		03C2F96624E560D3007C23A9 /* Stocks_HelpTests.swift in Sources */ = {isa = PBXBuildFile; fileRef = 03C2F96524E560D3007C23A9 /* Stocks_HelpTests.swift */; };
		03C2F97124E560D3007C23A9 /* Stocks_HelpUITests.swift in Sources */ = {isa = PBXBuildFile; fileRef = 03C2F97024E560D3007C23A9 /* Stocks_HelpUITests.swift */; };
		03C2F98324E5686A007C23A9 /* ProjectColors.swift in Sources */ = {isa = PBXBuildFile; fileRef = 03C2F98224E5686A007C23A9 /* ProjectColors.swift */; };
		03C2F98624E5729E007C23A9 /* NewOperation.swift in Sources */ = {isa = PBXBuildFile; fileRef = 03C2F98524E5729E007C23A9 /* NewOperation.swift */; };
/* End PBXBuildFile section */

/* Begin PBXContainerItemProxy section */
		03C2F96224E560D3007C23A9 /* PBXContainerItemProxy */ = {
			isa = PBXContainerItemProxy;
			containerPortal = 03C2F94024E560D2007C23A9 /* Project object */;
			proxyType = 1;
			remoteGlobalIDString = 03C2F94724E560D2007C23A9;
			remoteInfo = "Stocks Help";
		};
		03C2F96D24E560D3007C23A9 /* PBXContainerItemProxy */ = {
			isa = PBXContainerItemProxy;
			containerPortal = 03C2F94024E560D2007C23A9 /* Project object */;
			proxyType = 1;
			remoteGlobalIDString = 03C2F94724E560D2007C23A9;
			remoteInfo = "Stocks Help";
		};
/* End PBXContainerItemProxy section */

/* Begin PBXFileReference section */
		03C2F94824E560D2007C23A9 /* Stocks Help.app */ = {isa = PBXFileReference; explicitFileType = wrapper.application; includeInIndex = 0; path = "Stocks Help.app"; sourceTree = BUILT_PRODUCTS_DIR; };
		03C2F94B24E560D2007C23A9 /* AppDelegate.swift */ = {isa = PBXFileReference; lastKnownFileType = sourcecode.swift; path = AppDelegate.swift; sourceTree = "<group>"; };
		03C2F94D24E560D2007C23A9 /* SceneDelegate.swift */ = {isa = PBXFileReference; lastKnownFileType = sourcecode.swift; path = SceneDelegate.swift; sourceTree = "<group>"; };
		03C2F94F24E560D2007C23A9 /* Patrimony.swift */ = {isa = PBXFileReference; lastKnownFileType = sourcecode.swift; path = Patrimony.swift; sourceTree = "<group>"; };
		03C2F95524E560D2007C23A9 /* Stocks_Help.xcdatamodel */ = {isa = PBXFileReference; lastKnownFileType = wrapper.xcdatamodel; path = Stocks_Help.xcdatamodel; sourceTree = "<group>"; };
		03C2F95724E560D3007C23A9 /* Assets.xcassets */ = {isa = PBXFileReference; lastKnownFileType = folder.assetcatalog; path = Assets.xcassets; sourceTree = "<group>"; };
		03C2F95A24E560D3007C23A9 /* Base */ = {isa = PBXFileReference; lastKnownFileType = file.storyboard; name = Base; path = Base.lproj/LaunchScreen.storyboard; sourceTree = "<group>"; };
		03C2F95C24E560D3007C23A9 /* Info.plist */ = {isa = PBXFileReference; lastKnownFileType = text.plist.xml; path = Info.plist; sourceTree = "<group>"; };
		03C2F96124E560D3007C23A9 /* Stocks HelpTests.xctest */ = {isa = PBXFileReference; explicitFileType = wrapper.cfbundle; includeInIndex = 0; path = "Stocks HelpTests.xctest"; sourceTree = BUILT_PRODUCTS_DIR; };
		03C2F96524E560D3007C23A9 /* Stocks_HelpTests.swift */ = {isa = PBXFileReference; lastKnownFileType = sourcecode.swift; path = Stocks_HelpTests.swift; sourceTree = "<group>"; };
		03C2F96724E560D3007C23A9 /* Info.plist */ = {isa = PBXFileReference; lastKnownFileType = text.plist.xml; path = Info.plist; sourceTree = "<group>"; };
		03C2F96C24E560D3007C23A9 /* Stocks HelpUITests.xctest */ = {isa = PBXFileReference; explicitFileType = wrapper.cfbundle; includeInIndex = 0; path = "Stocks HelpUITests.xctest"; sourceTree = BUILT_PRODUCTS_DIR; };
		03C2F97024E560D3007C23A9 /* Stocks_HelpUITests.swift */ = {isa = PBXFileReference; lastKnownFileType = sourcecode.swift; path = Stocks_HelpUITests.swift; sourceTree = "<group>"; };
		03C2F97224E560D3007C23A9 /* Info.plist */ = {isa = PBXFileReference; lastKnownFileType = text.plist.xml; path = Info.plist; sourceTree = "<group>"; };
		03C2F98224E5686A007C23A9 /* ProjectColors.swift */ = {isa = PBXFileReference; lastKnownFileType = sourcecode.swift; path = ProjectColors.swift; sourceTree = "<group>"; };
		03C2F98524E5729E007C23A9 /* NewOperation.swift */ = {isa = PBXFileReference; lastKnownFileType = sourcecode.swift; path = NewOperation.swift; sourceTree = "<group>"; };
/* End PBXFileReference section */

/* Begin PBXFrameworksBuildPhase section */
		03C2F94524E560D2007C23A9 /* Frameworks */ = {
			isa = PBXFrameworksBuildPhase;
			buildActionMask = 2147483647;
			files = (
			);
			runOnlyForDeploymentPostprocessing = 0;
		};
		03C2F95E24E560D3007C23A9 /* Frameworks */ = {
			isa = PBXFrameworksBuildPhase;
			buildActionMask = 2147483647;
			files = (
			);
			runOnlyForDeploymentPostprocessing = 0;
		};
		03C2F96924E560D3007C23A9 /* Frameworks */ = {
			isa = PBXFrameworksBuildPhase;
			buildActionMask = 2147483647;
			files = (
			);
			runOnlyForDeploymentPostprocessing = 0;
		};
/* End PBXFrameworksBuildPhase section */

/* Begin PBXGroup section */
		03C2F93F24E560D2007C23A9 = {
			isa = PBXGroup;
			children = (
				03C2F94A24E560D2007C23A9 /* Stocks Help */,
				03C2F96424E560D3007C23A9 /* Stocks HelpTests */,
				03C2F96F24E560D3007C23A9 /* Stocks HelpUITests */,
				03C2F94924E560D2007C23A9 /* Products */,
			);
			sourceTree = "<group>";
		};
		03C2F94924E560D2007C23A9 /* Products */ = {
			isa = PBXGroup;
			children = (
				03C2F94824E560D2007C23A9 /* Stocks Help.app */,
				03C2F96124E560D3007C23A9 /* Stocks HelpTests.xctest */,
				03C2F96C24E560D3007C23A9 /* Stocks HelpUITests.xctest */,
			);
			name = Products;
			sourceTree = "<group>";
		};
		03C2F94A24E560D2007C23A9 /* Stocks Help */ = {
			isa = PBXGroup;
			children = (
				03C2F98124E56859007C23A9 /* Utils */,
				03C2F98024E5683A007C23A9 /* Model */,
				03C2F97F24E56838007C23A9 /* View */,
				03C2F97E24E56835007C23A9 /* Controller */,
				03C2F94B24E560D2007C23A9 /* AppDelegate.swift */,
				03C2F94D24E560D2007C23A9 /* SceneDelegate.swift */,
				03C2F95724E560D3007C23A9 /* Assets.xcassets */,
				03C2F95924E560D3007C23A9 /* LaunchScreen.storyboard */,
				03C2F95C24E560D3007C23A9 /* Info.plist */,
				03C2F95424E560D2007C23A9 /* Stocks_Help.xcdatamodeld */,
			);
			path = "Stocks Help";
			sourceTree = "<group>";
		};
		03C2F96424E560D3007C23A9 /* Stocks HelpTests */ = {
			isa = PBXGroup;
			children = (
				03C2F96524E560D3007C23A9 /* Stocks_HelpTests.swift */,
				03C2F96724E560D3007C23A9 /* Info.plist */,
			);
			path = "Stocks HelpTests";
			sourceTree = "<group>";
		};
		03C2F96F24E560D3007C23A9 /* Stocks HelpUITests */ = {
			isa = PBXGroup;
			children = (
				03C2F97024E560D3007C23A9 /* Stocks_HelpUITests.swift */,
				03C2F97224E560D3007C23A9 /* Info.plist */,
			);
			path = "Stocks HelpUITests";
			sourceTree = "<group>";
		};
		03C2F97E24E56835007C23A9 /* Controller */ = {
			isa = PBXGroup;
			children = (
				03C2F94F24E560D2007C23A9 /* Patrimony.swift */,
				03C2F98524E5729E007C23A9 /* NewOperation.swift */,
			);
			path = Controller;
			sourceTree = "<group>";
		};
		03C2F97F24E56838007C23A9 /* View */ = {
			isa = PBXGroup;
			children = (
			);
			path = View;
			sourceTree = "<group>";
		};
		03C2F98024E5683A007C23A9 /* Model */ = {
			isa = PBXGroup;
			children = (
			);
			path = Model;
			sourceTree = "<group>";
		};
		03C2F98124E56859007C23A9 /* Utils */ = {
			isa = PBXGroup;
			children = (
				03C2F98224E5686A007C23A9 /* ProjectColors.swift */,
			);
			path = Utils;
			sourceTree = "<group>";
		};
/* End PBXGroup section */

/* Begin PBXNativeTarget section */
		03C2F94724E560D2007C23A9 /* Stocks Help */ = {
			isa = PBXNativeTarget;
			buildConfigurationList = 03C2F97524E560D3007C23A9 /* Build configuration list for PBXNativeTarget "Stocks Help" */;
			buildPhases = (
				03C2F94424E560D2007C23A9 /* Sources */,
				03C2F94524E560D2007C23A9 /* Frameworks */,
				03C2F94624E560D2007C23A9 /* Resources */,
				03C2F98424E56B76007C23A9 /* ShellScript */,
			);
			buildRules = (
			);
			dependencies = (
			);
			name = "Stocks Help";
			productName = "Stocks Help";
			productReference = 03C2F94824E560D2007C23A9 /* Stocks Help.app */;
			productType = "com.apple.product-type.application";
		};
		03C2F96024E560D3007C23A9 /* Stocks HelpTests */ = {
			isa = PBXNativeTarget;
			buildConfigurationList = 03C2F97824E560D3007C23A9 /* Build configuration list for PBXNativeTarget "Stocks HelpTests" */;
			buildPhases = (
				03C2F95D24E560D3007C23A9 /* Sources */,
				03C2F95E24E560D3007C23A9 /* Frameworks */,
				03C2F95F24E560D3007C23A9 /* Resources */,
			);
			buildRules = (
			);
			dependencies = (
				03C2F96324E560D3007C23A9 /* PBXTargetDependency */,
			);
			name = "Stocks HelpTests";
			productName = "Stocks HelpTests";
			productReference = 03C2F96124E560D3007C23A9 /* Stocks HelpTests.xctest */;
			productType = "com.apple.product-type.bundle.unit-test";
		};
		03C2F96B24E560D3007C23A9 /* Stocks HelpUITests */ = {
			isa = PBXNativeTarget;
			buildConfigurationList = 03C2F97B24E560D3007C23A9 /* Build configuration list for PBXNativeTarget "Stocks HelpUITests" */;
			buildPhases = (
				03C2F96824E560D3007C23A9 /* Sources */,
				03C2F96924E560D3007C23A9 /* Frameworks */,
				03C2F96A24E560D3007C23A9 /* Resources */,
			);
			buildRules = (
			);
			dependencies = (
				03C2F96E24E560D3007C23A9 /* PBXTargetDependency */,
			);
			name = "Stocks HelpUITests";
			productName = "Stocks HelpUITests";
			productReference = 03C2F96C24E560D3007C23A9 /* Stocks HelpUITests.xctest */;
			productType = "com.apple.product-type.bundle.ui-testing";
		};
/* End PBXNativeTarget section */

/* Begin PBXProject section */
		03C2F94024E560D2007C23A9 /* Project object */ = {
			isa = PBXProject;
			attributes = {
				LastSwiftUpdateCheck = 1160;
				LastUpgradeCheck = 1160;
				ORGANIZATIONNAME = "Lucas Oliveira";
				TargetAttributes = {
					03C2F94724E560D2007C23A9 = {
						CreatedOnToolsVersion = 11.6;
					};
					03C2F96024E560D3007C23A9 = {
						CreatedOnToolsVersion = 11.6;
						TestTargetID = 03C2F94724E560D2007C23A9;
					};
					03C2F96B24E560D3007C23A9 = {
						CreatedOnToolsVersion = 11.6;
						TestTargetID = 03C2F94724E560D2007C23A9;
					};
				};
			};
			buildConfigurationList = 03C2F94324E560D2007C23A9 /* Build configuration list for PBXProject "Stocks Help" */;
			compatibilityVersion = "Xcode 9.3";
			developmentRegion = en;
			hasScannedForEncodings = 0;
			knownRegions = (
				en,
				Base,
			);
			mainGroup = 03C2F93F24E560D2007C23A9;
			productRefGroup = 03C2F94924E560D2007C23A9 /* Products */;
			projectDirPath = "";
			projectRoot = "";
			targets = (
				03C2F94724E560D2007C23A9 /* Stocks Help */,
				03C2F96024E560D3007C23A9 /* Stocks HelpTests */,
				03C2F96B24E560D3007C23A9 /* Stocks HelpUITests */,
			);
		};
/* End PBXProject section */

/* Begin PBXResourcesBuildPhase section */
		03C2F94624E560D2007C23A9 /* Resources */ = {
			isa = PBXResourcesBuildPhase;
			buildActionMask = 2147483647;
			files = (
				03C2F95B24E560D3007C23A9 /* LaunchScreen.storyboard in Resources */,
				03C2F95824E560D3007C23A9 /* Assets.xcassets in Resources */,
			);
			runOnlyForDeploymentPostprocessing = 0;
		};
		03C2F95F24E560D3007C23A9 /* Resources */ = {
			isa = PBXResourcesBuildPhase;
			buildActionMask = 2147483647;
			files = (
			);
			runOnlyForDeploymentPostprocessing = 0;
		};
		03C2F96A24E560D3007C23A9 /* Resources */ = {
			isa = PBXResourcesBuildPhase;
			buildActionMask = 2147483647;
			files = (
			);
			runOnlyForDeploymentPostprocessing = 0;
		};
/* End PBXResourcesBuildPhase section */

/* Begin PBXShellScriptBuildPhase section */
		03C2F98424E56B76007C23A9 /* ShellScript */ = {
			isa = PBXShellScriptBuildPhase;
			buildActionMask = 2147483647;
			files = (
			);
			inputFileListPaths = (
			);
			inputPaths = (
			);
			outputFileListPaths = (
			);
			outputPaths = (
			);
			runOnlyForDeploymentPostprocessing = 0;
			shellPath = /bin/sh;
			shellScript = "if which swiftlint >/dev/null; then\nswiftlint\nelse\necho \"warning: Swiftlint not installed, download from https://github.com/realm/SwiftLint\"\nfi\n";
		};
/* End PBXShellScriptBuildPhase section */

/* Begin PBXSourcesBuildPhase section */
		03C2F94424E560D2007C23A9 /* Sources */ = {
			isa = PBXSourcesBuildPhase;
			buildActionMask = 2147483647;
			files = (
				03C2F95024E560D2007C23A9 /* Patrimony.swift in Sources */,
				03C2F94C24E560D2007C23A9 /* AppDelegate.swift in Sources */,
				03C2F98324E5686A007C23A9 /* ProjectColors.swift in Sources */,
				03C2F94E24E560D2007C23A9 /* SceneDelegate.swift in Sources */,
				03C2F98624E5729E007C23A9 /* NewOperation.swift in Sources */,
				03C2F95624E560D2007C23A9 /* Stocks_Help.xcdatamodeld in Sources */,
			);
			runOnlyForDeploymentPostprocessing = 0;
		};
		03C2F95D24E560D3007C23A9 /* Sources */ = {
			isa = PBXSourcesBuildPhase;
			buildActionMask = 2147483647;
			files = (
				03C2F96624E560D3007C23A9 /* Stocks_HelpTests.swift in Sources */,
			);
			runOnlyForDeploymentPostprocessing = 0;
		};
		03C2F96824E560D3007C23A9 /* Sources */ = {
			isa = PBXSourcesBuildPhase;
			buildActionMask = 2147483647;
			files = (
				03C2F97124E560D3007C23A9 /* Stocks_HelpUITests.swift in Sources */,
			);
			runOnlyForDeploymentPostprocessing = 0;
		};
/* End PBXSourcesBuildPhase section */

/* Begin PBXTargetDependency section */
		03C2F96324E560D3007C23A9 /* PBXTargetDependency */ = {
			isa = PBXTargetDependency;
			target = 03C2F94724E560D2007C23A9 /* Stocks Help */;
			targetProxy = 03C2F96224E560D3007C23A9 /* PBXContainerItemProxy */;
		};
		03C2F96E24E560D3007C23A9 /* PBXTargetDependency */ = {
			isa = PBXTargetDependency;
			target = 03C2F94724E560D2007C23A9 /* Stocks Help */;
			targetProxy = 03C2F96D24E560D3007C23A9 /* PBXContainerItemProxy */;
		};
/* End PBXTargetDependency section */

/* Begin PBXVariantGroup section */
		03C2F95924E560D3007C23A9 /* LaunchScreen.storyboard */ = {
			isa = PBXVariantGroup;
			children = (
				03C2F95A24E560D3007C23A9 /* Base */,
			);
			name = LaunchScreen.storyboard;
			sourceTree = "<group>";
		};
/* End PBXVariantGroup section */

/* Begin XCBuildConfiguration section */
		03C2F97324E560D3007C23A9 /* Debug */ = {
			isa = XCBuildConfiguration;
			buildSettings = {
				ALWAYS_SEARCH_USER_PATHS = NO;
				CLANG_ANALYZER_NONNULL = YES;
				CLANG_ANALYZER_NUMBER_OBJECT_CONVERSION = YES_AGGRESSIVE;
				CLANG_CXX_LANGUAGE_STANDARD = "gnu++14";
				CLANG_CXX_LIBRARY = "libc++";
				CLANG_ENABLE_MODULES = YES;
				CLANG_ENABLE_OBJC_ARC = YES;
				CLANG_ENABLE_OBJC_WEAK = YES;
				CLANG_WARN_BLOCK_CAPTURE_AUTORELEASING = YES;
				CLANG_WARN_BOOL_CONVERSION = YES;
				CLANG_WARN_COMMA = YES;
				CLANG_WARN_CONSTANT_CONVERSION = YES;
				CLANG_WARN_DEPRECATED_OBJC_IMPLEMENTATIONS = YES;
				CLANG_WARN_DIRECT_OBJC_ISA_USAGE = YES_ERROR;
				CLANG_WARN_DOCUMENTATION_COMMENTS = YES;
				CLANG_WARN_EMPTY_BODY = YES;
				CLANG_WARN_ENUM_CONVERSION = YES;
				CLANG_WARN_INFINITE_RECURSION = YES;
				CLANG_WARN_INT_CONVERSION = YES;
				CLANG_WARN_NON_LITERAL_NULL_CONVERSION = YES;
				CLANG_WARN_OBJC_IMPLICIT_RETAIN_SELF = YES;
				CLANG_WARN_OBJC_LITERAL_CONVERSION = YES;
				CLANG_WARN_OBJC_ROOT_CLASS = YES_ERROR;
				CLANG_WARN_RANGE_LOOP_ANALYSIS = YES;
				CLANG_WARN_STRICT_PROTOTYPES = YES;
				CLANG_WARN_SUSPICIOUS_MOVE = YES;
				CLANG_WARN_UNGUARDED_AVAILABILITY = YES_AGGRESSIVE;
				CLANG_WARN_UNREACHABLE_CODE = YES;
				CLANG_WARN__DUPLICATE_METHOD_MATCH = YES;
				COPY_PHASE_STRIP = NO;
				DEBUG_INFORMATION_FORMAT = dwarf;
				ENABLE_STRICT_OBJC_MSGSEND = YES;
				ENABLE_TESTABILITY = YES;
				GCC_C_LANGUAGE_STANDARD = gnu11;
				GCC_DYNAMIC_NO_PIC = NO;
				GCC_NO_COMMON_BLOCKS = YES;
				GCC_OPTIMIZATION_LEVEL = 0;
				GCC_PREPROCESSOR_DEFINITIONS = (
					"DEBUG=1",
					"$(inherited)",
				);
				GCC_WARN_64_TO_32_BIT_CONVERSION = YES;
				GCC_WARN_ABOUT_RETURN_TYPE = YES_ERROR;
				GCC_WARN_UNDECLARED_SELECTOR = YES;
				GCC_WARN_UNINITIALIZED_AUTOS = YES_AGGRESSIVE;
				GCC_WARN_UNUSED_FUNCTION = YES;
				GCC_WARN_UNUSED_VARIABLE = YES;
				IPHONEOS_DEPLOYMENT_TARGET = 13.6;
				MTL_ENABLE_DEBUG_INFO = INCLUDE_SOURCE;
				MTL_FAST_MATH = YES;
				ONLY_ACTIVE_ARCH = YES;
				SDKROOT = iphoneos;
				SWIFT_ACTIVE_COMPILATION_CONDITIONS = DEBUG;
				SWIFT_OPTIMIZATION_LEVEL = "-Onone";
			};
			name = Debug;
		};
		03C2F97424E560D3007C23A9 /* Release */ = {
			isa = XCBuildConfiguration;
			buildSettings = {
				ALWAYS_SEARCH_USER_PATHS = NO;
				CLANG_ANALYZER_NONNULL = YES;
				CLANG_ANALYZER_NUMBER_OBJECT_CONVERSION = YES_AGGRESSIVE;
				CLANG_CXX_LANGUAGE_STANDARD = "gnu++14";
				CLANG_CXX_LIBRARY = "libc++";
				CLANG_ENABLE_MODULES = YES;
				CLANG_ENABLE_OBJC_ARC = YES;
				CLANG_ENABLE_OBJC_WEAK = YES;
				CLANG_WARN_BLOCK_CAPTURE_AUTORELEASING = YES;
				CLANG_WARN_BOOL_CONVERSION = YES;
				CLANG_WARN_COMMA = YES;
				CLANG_WARN_CONSTANT_CONVERSION = YES;
				CLANG_WARN_DEPRECATED_OBJC_IMPLEMENTATIONS = YES;
				CLANG_WARN_DIRECT_OBJC_ISA_USAGE = YES_ERROR;
				CLANG_WARN_DOCUMENTATION_COMMENTS = YES;
				CLANG_WARN_EMPTY_BODY = YES;
				CLANG_WARN_ENUM_CONVERSION = YES;
				CLANG_WARN_INFINITE_RECURSION = YES;
				CLANG_WARN_INT_CONVERSION = YES;
				CLANG_WARN_NON_LITERAL_NULL_CONVERSION = YES;
				CLANG_WARN_OBJC_IMPLICIT_RETAIN_SELF = YES;
				CLANG_WARN_OBJC_LITERAL_CONVERSION = YES;
				CLANG_WARN_OBJC_ROOT_CLASS = YES_ERROR;
				CLANG_WARN_RANGE_LOOP_ANALYSIS = YES;
				CLANG_WARN_STRICT_PROTOTYPES = YES;
				CLANG_WARN_SUSPICIOUS_MOVE = YES;
				CLANG_WARN_UNGUARDED_AVAILABILITY = YES_AGGRESSIVE;
				CLANG_WARN_UNREACHABLE_CODE = YES;
				CLANG_WARN__DUPLICATE_METHOD_MATCH = YES;
				COPY_PHASE_STRIP = NO;
				DEBUG_INFORMATION_FORMAT = "dwarf-with-dsym";
				ENABLE_NS_ASSERTIONS = NO;
				ENABLE_STRICT_OBJC_MSGSEND = YES;
				GCC_C_LANGUAGE_STANDARD = gnu11;
				GCC_NO_COMMON_BLOCKS = YES;
				GCC_WARN_64_TO_32_BIT_CONVERSION = YES;
				GCC_WARN_ABOUT_RETURN_TYPE = YES_ERROR;
				GCC_WARN_UNDECLARED_SELECTOR = YES;
				GCC_WARN_UNINITIALIZED_AUTOS = YES_AGGRESSIVE;
				GCC_WARN_UNUSED_FUNCTION = YES;
				GCC_WARN_UNUSED_VARIABLE = YES;
				IPHONEOS_DEPLOYMENT_TARGET = 13.6;
				MTL_ENABLE_DEBUG_INFO = NO;
				MTL_FAST_MATH = YES;
				SDKROOT = iphoneos;
				SWIFT_COMPILATION_MODE = wholemodule;
				SWIFT_OPTIMIZATION_LEVEL = "-O";
				VALIDATE_PRODUCT = YES;
			};
			name = Release;
		};
		03C2F97624E560D3007C23A9 /* Debug */ = {
			isa = XCBuildConfiguration;
			buildSettings = {
				ASSETCATALOG_COMPILER_APPICON_NAME = AppIcon;
				CODE_SIGN_STYLE = Automatic;
				DEVELOPMENT_TEAM = 62NRBAKMQ3;
				INFOPLIST_FILE = "Stocks Help/Info.plist";
				LD_RUNPATH_SEARCH_PATHS = (
					"$(inherited)",
					"@executable_path/Frameworks",
				);
				PRODUCT_BUNDLE_IDENTIFIER = "Apple-academy.Stocks-Help";
				PRODUCT_NAME = "$(TARGET_NAME)";
				SWIFT_VERSION = 5.0;
				TARGETED_DEVICE_FAMILY = "1,2";
			};
			name = Debug;
		};
		03C2F97724E560D3007C23A9 /* Release */ = {
			isa = XCBuildConfiguration;
			buildSettings = {
				ASSETCATALOG_COMPILER_APPICON_NAME = AppIcon;
				CODE_SIGN_STYLE = Automatic;
				DEVELOPMENT_TEAM = 62NRBAKMQ3;
				INFOPLIST_FILE = "Stocks Help/Info.plist";
				LD_RUNPATH_SEARCH_PATHS = (
					"$(inherited)",
					"@executable_path/Frameworks",
				);
				PRODUCT_BUNDLE_IDENTIFIER = "Apple-academy.Stocks-Help";
				PRODUCT_NAME = "$(TARGET_NAME)";
				SWIFT_VERSION = 5.0;
				TARGETED_DEVICE_FAMILY = "1,2";
			};
			name = Release;
		};
		03C2F97924E560D3007C23A9 /* Debug */ = {
			isa = XCBuildConfiguration;
			buildSettings = {
				ALWAYS_EMBED_SWIFT_STANDARD_LIBRARIES = YES;
				BUNDLE_LOADER = "$(TEST_HOST)";
				CODE_SIGN_STYLE = Automatic;
				DEVELOPMENT_TEAM = 62NRBAKMQ3;
				INFOPLIST_FILE = "Stocks HelpTests/Info.plist";
				IPHONEOS_DEPLOYMENT_TARGET = 13.6;
				LD_RUNPATH_SEARCH_PATHS = (
					"$(inherited)",
					"@executable_path/Frameworks",
					"@loader_path/Frameworks",
				);
				PRODUCT_BUNDLE_IDENTIFIER = "Apple-academy.Stocks-HelpTests";
				PRODUCT_NAME = "$(TARGET_NAME)";
				SWIFT_VERSION = 5.0;
				TARGETED_DEVICE_FAMILY = "1,2";
				TEST_HOST = "$(BUILT_PRODUCTS_DIR)/Stocks Help.app/Stocks Help";
			};
			name = Debug;
		};
		03C2F97A24E560D3007C23A9 /* Release */ = {
			isa = XCBuildConfiguration;
			buildSettings = {
				ALWAYS_EMBED_SWIFT_STANDARD_LIBRARIES = YES;
				BUNDLE_LOADER = "$(TEST_HOST)";
				CODE_SIGN_STYLE = Automatic;
				DEVELOPMENT_TEAM = 62NRBAKMQ3;
				INFOPLIST_FILE = "Stocks HelpTests/Info.plist";
				IPHONEOS_DEPLOYMENT_TARGET = 13.6;
				LD_RUNPATH_SEARCH_PATHS = (
					"$(inherited)",
					"@executable_path/Frameworks",
					"@loader_path/Frameworks",
				);
				PRODUCT_BUNDLE_IDENTIFIER = "Apple-academy.Stocks-HelpTests";
				PRODUCT_NAME = "$(TARGET_NAME)";
				SWIFT_VERSION = 5.0;
				TARGETED_DEVICE_FAMILY = "1,2";
				TEST_HOST = "$(BUILT_PRODUCTS_DIR)/Stocks Help.app/Stocks Help";
			};
			name = Release;
		};
		03C2F97C24E560D3007C23A9 /* Debug */ = {
			isa = XCBuildConfiguration;
			buildSettings = {
				ALWAYS_EMBED_SWIFT_STANDARD_LIBRARIES = YES;
				CODE_SIGN_STYLE = Automatic;
				DEVELOPMENT_TEAM = 62NRBAKMQ3;
				INFOPLIST_FILE = "Stocks HelpUITests/Info.plist";
				LD_RUNPATH_SEARCH_PATHS = (
					"$(inherited)",
					"@executable_path/Frameworks",
					"@loader_path/Frameworks",
				);
				PRODUCT_BUNDLE_IDENTIFIER = "Apple-academy.Stocks-HelpUITests";
				PRODUCT_NAME = "$(TARGET_NAME)";
				SWIFT_VERSION = 5.0;
				TARGETED_DEVICE_FAMILY = "1,2";
				TEST_TARGET_NAME = "Stocks Help";
			};
			name = Debug;
		};
		03C2F97D24E560D3007C23A9 /* Release */ = {
			isa = XCBuildConfiguration;
			buildSettings = {
				ALWAYS_EMBED_SWIFT_STANDARD_LIBRARIES = YES;
				CODE_SIGN_STYLE = Automatic;
				DEVELOPMENT_TEAM = 62NRBAKMQ3;
				INFOPLIST_FILE = "Stocks HelpUITests/Info.plist";
				LD_RUNPATH_SEARCH_PATHS = (
					"$(inherited)",
					"@executable_path/Frameworks",
					"@loader_path/Frameworks",
				);
				PRODUCT_BUNDLE_IDENTIFIER = "Apple-academy.Stocks-HelpUITests";
				PRODUCT_NAME = "$(TARGET_NAME)";
				SWIFT_VERSION = 5.0;
				TARGETED_DEVICE_FAMILY = "1,2";
				TEST_TARGET_NAME = "Stocks Help";
			};
			name = Release;
		};
/* End XCBuildConfiguration section */

/* Begin XCConfigurationList section */
		03C2F94324E560D2007C23A9 /* Build configuration list for PBXProject "Stocks Help" */ = {
			isa = XCConfigurationList;
			buildConfigurations = (
				03C2F97324E560D3007C23A9 /* Debug */,
				03C2F97424E560D3007C23A9 /* Release */,
			);
			defaultConfigurationIsVisible = 0;
			defaultConfigurationName = Release;
		};
		03C2F97524E560D3007C23A9 /* Build configuration list for PBXNativeTarget "Stocks Help" */ = {
			isa = XCConfigurationList;
			buildConfigurations = (
				03C2F97624E560D3007C23A9 /* Debug */,
				03C2F97724E560D3007C23A9 /* Release */,
			);
			defaultConfigurationIsVisible = 0;
			defaultConfigurationName = Release;
		};
		03C2F97824E560D3007C23A9 /* Build configuration list for PBXNativeTarget "Stocks HelpTests" */ = {
			isa = XCConfigurationList;
			buildConfigurations = (
				03C2F97924E560D3007C23A9 /* Debug */,
				03C2F97A24E560D3007C23A9 /* Release */,
			);
			defaultConfigurationIsVisible = 0;
			defaultConfigurationName = Release;
		};
		03C2F97B24E560D3007C23A9 /* Build configuration list for PBXNativeTarget "Stocks HelpUITests" */ = {
			isa = XCConfigurationList;
			buildConfigurations = (
				03C2F97C24E560D3007C23A9 /* Debug */,
				03C2F97D24E560D3007C23A9 /* Release */,
			);
			defaultConfigurationIsVisible = 0;
			defaultConfigurationName = Release;
		};
/* End XCConfigurationList section */

/* Begin XCVersionGroup section */
		03C2F95424E560D2007C23A9 /* Stocks_Help.xcdatamodeld */ = {
			isa = XCVersionGroup;
			children = (
				03C2F95524E560D2007C23A9 /* Stocks_Help.xcdatamodel */,
			);
			currentVersion = 03C2F95524E560D2007C23A9 /* Stocks_Help.xcdatamodel */;
			path = Stocks_Help.xcdatamodeld;
			sourceTree = "<group>";
			versionGroupType = wrapper.xcdatamodel;
		};
/* End XCVersionGroup section */
	};
	rootObject = 03C2F94024E560D2007C23A9 /* Project object */;
}
